{"is_source_file": false, "format": "", "description": "", "external_files": [], "external_methods": [], "published": [], "classes": [], "methods": [], "calls": [], "search-terms": [], "state": 2, "file_id": 1, "knowledge_revision": 23, "git_revision": "e13e893e36853d619ef5c4ae436de43be8666775", "hash": "9c4ed7ef73e22b872b8055bec08b8979", "format-version": 4, "code-base-name": "default", "filename": "dreamtales_customizer/post_process_status.lock", "revision_history": [{"23": "e13e893e36853d619ef5c4ae436de43be8666775"}]}